# THIS IS AN AUTOGENERATED FILE. DO NOT EDIT THIS FILE DIRECTLY.
# yarn lockfile v1


"@types/node@*", "@types/node@^8.0.15":
  version "8.0.15"
  resolved "https://registry.yarnpkg.com/@types/node/-/node-8.0.15.tgz#8f23f8a4642ced357704d048010876fc0c7f179a"

"@types/react@^15.0.38":
  version "15.0.38"
  resolved "https://registry.yarnpkg.com/@types/react/-/react-15.0.38.tgz#6afea31a9fe66304af474106ba372ddaba449995"

"@types/source-map@*":
  version "0.5.0"
  resolved "https://registry.yarnpkg.com/@types/source-map/-/source-map-0.5.0.tgz#dd34bbd8e32fe4e74f2e3d8ac07f8aa5b45a47ac"

"@types/tapable@*":
  version "0.2.3"
  resolved "https://registry.yarnpkg.com/@types/tapable/-/tapable-0.2.3.tgz#0888b0f20cc7e58e1c22a1888b4e963eefaa810a"

"@types/uglify-js@*":
  version "2.6.29"
  resolved "https://registry.yarnpkg.com/@types/uglify-js/-/uglify-js-2.6.29.tgz#521347f69e20201d218f5991ae66e10878afcf1a"
  dependencies:
    "@types/source-map" "*"

"@types/webpack@^3.0.5":
  version "3.0.5"
  resolved "https://registry.yarnpkg.com/@types/webpack/-/webpack-3.0.5.tgz#da3bca3665071ccbaba9ff929e361db85d3cc48a"
  dependencies:
    "@types/node" "*"
    "@types/tapable" "*"
    "@types/uglify-js" "*"

typescript@^2.4.2:
  version "2.4.2"
  resolved "https://registry.yarnpkg.com/typescript/-/typescript-2.4.2.tgz#f8395f85d459276067c988aa41837a8f82870844"
